{
  "lockfile-version": 1,
  "manifest": {
    "schema-version": "1.10.0",
    "install": {
      "bats": {
        "pkg-path": "bats"
      },
      "shellcheck": {
        "pkg-path": "shellcheck"
      },
      "shellharden": {
        "pkg-path": "shellharden"
      }
    },
    "hook": {
      "on-activate": "  # Add project bin to PATH for direnv/shell compatibility\n  export PATH=\"$FLOX_ENV_PROJECT/bin:$PATH\"\n"
    },
    "profile": {},
    "options": {}
  },
  "packages": [
    {
      "attr_path": "bats",
      "broken": false,
      "derivation": "/nix/store/4b2kqr5swx8cilrj1bjpwqkcxxa0ynnr-bats-1.12.0.drv",
      "description": "Bash Automated Testing System",
      "install_id": "bats",
      "license": "MIT",
      "locked_url": "https://github.com/flox/nixpkgs?rev=4c1018dae018162ec878d42fec712642d214fdfa",
      "name": "bats-1.12.0",
      "pname": "bats",
      "rev": "4c1018dae018162ec878d42fec712642d214fdfa",
      "rev_count": 977467,
      "rev_date": "2026-04-09T04:48:10Z",
      "scrape_date": "2026-04-11T06:03:33.068153Z",
      "stabilities": [
        "unstable"
      ],
      "unfree": false,
      "version": "1.12.0",
      "outputs_to_install": [
        "out"
      ],
      "outputs": {
        "out": "/nix/store/z785g6zgpjyqwxhc0p783xxqw3as8v0m-bats-1.12.0"
      },
      "system": "aarch64-darwin",
      "group": "toplevel",
      "priority": 5
    },
    {
      "attr_path": "bats",
      "broken": false,
      "derivation": "/nix/store/ypnl3xywd4wl6g6lm2jb9cd5pdhb8mk1-bats-1.12.0.drv",
      "description": "Bash Automated Testing System",
      "install_id": "bats",
      "license": "MIT",
      "locked_url": "https://github.com/flox/nixpkgs?rev=4c1018dae018162ec878d42fec712642d214fdfa",
      "name": "bats-1.12.0",
      "pname": "bats",
      "rev": "4c1018dae018162ec878d42fec712642d214fdfa",
      "rev_count": 977467,
      "rev_date": "2026-04-09T04:48:10Z",
      "scrape_date": "2026-04-11T06:34:58.545451Z",
      "stabilities": [
        "unstable"
      ],
      "unfree": false,
      "version": "1.12.0",
      "outputs_to_install": [
        "out"
      ],
      "outputs": {
        "out": "/nix/store/z0qc03xvff3zzqpsvsp1ykn66d5vggcc-bats-1.12.0"
      },
      "system": "aarch64-linux",
      "group": "toplevel",
      "priority": 5
    },
    {
      "attr_path": "bats",
      "broken": false,
      "derivation": "/nix/store/zi6v2pfijqxmylpps587943fv43icn2y-bats-1.12.0.drv",
      "description": "Bash Automated Testing System",
      "install_id": "bats",
      "license": "MIT",
      "locked_url": "https://github.com/flox/nixpkgs?rev=4c1018dae018162ec878d42fec712642d214fdfa",
      "name": "bats-1.12.0",
      "pname": "bats",
      "rev": "4c1018dae018162ec878d42fec712642d214fdfa",
      "rev_count": 977467,
      "rev_date": "2026-04-09T04:48:10Z",
      "scrape_date": "2026-04-11T07:05:08.135381Z",
      "stabilities": [
        "unstable"
      ],
      "unfree": false,
      "version": "1.12.0",
      "outputs_to_install": [
        "out"
      ],
      "outputs": {
        "out": "/nix/store/1r1fhs5dpf556ln0mca9isynmqskg7m3-bats-1.12.0"
      },
      "system": "x86_64-darwin",
      "group": "toplevel",
      "priority": 5
    },
    {
      "attr_path": "bats",
      "broken": false,
      "derivation": "/nix/store/yvbb8jr9mpd16awbalqhpwc8jdxaixad-bats-1.12.0.drv",
      "description": "Bash Automated Testing System",
      "install_id": "bats",
      "license": "MIT",
      "locked_url": "https://github.com/flox/nixpkgs?rev=4c1018dae018162ec878d42fec712642d214fdfa",
      "name": "bats-1.12.0",
      "pname": "bats",
      "rev": "4c1018dae018162ec878d42fec712642d214fdfa",
      "rev_count": 977467,
      "rev_date": "2026-04-09T04:48:10Z",
      "scrape_date": "2026-04-11T07:39:12.619483Z",
      "stabilities": [
        "unstable"
      ],
      "unfree": false,
      "version": "1.12.0",
      "outputs_to_install": [
        "out"
      ],
      "outputs": {
        "out": "/nix/store/s2iggb4i6i1j12gxirclxmm20fx5zf0i-bats-1.12.0"
      },
      "system": "x86_64-linux",
      "group": "toplevel",
      "priority": 5
    },
    {
      "attr_path": "shellcheck",
      "broken": false,
      "derivation": "/nix/store/wwkwh9917jacpnr8dp1x37781miipssy-shellcheck-0.11.0.drv",
      "description": "Shell script analysis tool",
      "install_id": "shellcheck",
      "license": "GPL-3.0-only",
      "locked_url": "https://github.com/flox/nixpkgs?rev=4c1018dae018162ec878d42fec712642d214fdfa",
      "name": "shellcheck-0.11.0",
      "pname": "shellcheck",
      "rev": "4c1018dae018162ec878d42fec712642d214fdfa",
      "rev_count": 977467,
      "rev_date": "2026-04-09T04:48:10Z",
      "scrape_date": "2026-04-11T06:05:23.696105Z",
      "stabilities": [
        "unstable"
      ],
      "unfree": false,
      "version": "0.11.0",
      "outputs_to_install": [
        "bin",
        "doc",
        "man"
      ],
      "outputs": {
        "bin": "/nix/store/c4s18v7xr8rl74yx7p3pnqciy1801yz3-shellcheck-0.11.0-bin",
        "doc": "/nix/store/fr6j2dcg92h5b5frfzqp00rqlk600g4b-shellcheck-0.11.0-doc",
        "man": "/nix/store/wzdzk66ghpwr5xkrzf369vnfwzqyz4d9-shellcheck-0.11.0-man",
        "out": "/nix/store/8lf356irnq31q3061847hap11pr8w4z5-shellcheck-0.11.0"
      },
      "system": "aarch64-darwin",
      "group": "toplevel",
      "priority": 5
    },
    {
      "attr_path": "shellcheck",
      "broken": false,
      "derivation": "/nix/store/dmplwdwisp5hipyskcgq9fjlrxcvfqnj-shellcheck-0.11.0.drv",
      "description": "Shell script analysis tool",
      "install_id": "shellcheck",
      "license": "GPL-3.0-only",
      "locked_url": "https://github.com/flox/nixpkgs?rev=4c1018dae018162ec878d42fec712642d214fdfa",
      "name": "shellcheck-0.11.0",
      "pname": "shellcheck",
      "rev": "4c1018dae018162ec878d42fec712642d214fdfa",
      "rev_count": 977467,
      "rev_date": "2026-04-09T04:48:10Z",
      "scrape_date": "2026-04-11T06:37:18.717486Z",
      "stabilities": [
        "unstable"
      ],
      "unfree": false,
      "version": "0.11.0",
      "outputs_to_install": [
        "bin",
        "doc",
        "man"
      ],
      "outputs": {
        "bin": "/nix/store/bk0vqy5k73b33pw1v14h36ggryw58xv7-shellcheck-0.11.0-bin",
        "doc": "/nix/store/m0wpbhrx3530lxxf97agz29zgm3gshrd-shellcheck-0.11.0-doc",
        "man": "/nix/store/ak8np2nraqbca7aswb196dqs668ihsry-shellcheck-0.11.0-man",
        "out": "/nix/store/ghcxwch9q3fazz3mz9rbrsyzq422jfyc-shellcheck-0.11.0"
      },
      "system": "aarch64-linux",
      "group": "toplevel",
      "priority": 5
    },
    {
      "attr_path": "shellcheck",
      "broken": false,
      "derivation": "/nix/store/z56rqsjm71fk78zsv06zpifg24n0dd0g-shellcheck-0.11.0.drv",
      "description": "Shell script analysis tool",
      "install_id": "shellcheck",
      "license": "GPL-3.0-only",
      "locked_url": "https://github.com/flox/nixpkgs?rev=4c1018dae018162ec878d42fec712642d214fdfa",
      "name": "shellcheck-0.11.0",
      "pname": "shellcheck",
      "rev": "4c1018dae018162ec878d42fec712642d214fdfa",
      "rev_count": 977467,
      "rev_date": "2026-04-09T04:48:10Z",
      "scrape_date": "2026-04-11T07:06:54.614189Z",
      "stabilities": [
        "unstable"
      ],
      "unfree": false,
      "version": "0.11.0",
      "outputs_to_install": [
        "bin",
        "doc",
        "man"
      ],
      "outputs": {
        "bin": "/nix/store/hrq9smvqn6nhvzb6v8jm2qi6mfaz26n3-shellcheck-0.11.0-bin",
        "doc": "/nix/store/zxmfv53f8shixj8ii95hsdcmnj6qi3ss-shellcheck-0.11.0-doc",
        "man": "/nix/store/yy2a66a0gx9rbpzzpiv588qq9hrp2zfg-shellcheck-0.11.0-man",
        "out": "/nix/store/a8yvpksra9j6z9bzvw81bbm73211v5nj-shellcheck-0.11.0"
      },
      "system": "x86_64-darwin",
      "group": "toplevel",
      "priority": 5
    },
    {
      "attr_path": "shellcheck",
      "broken": false,
      "derivation": "/nix/store/rf1yiv12fh2r6b8n46s0fj27rmnar8nv-shellcheck-0.11.0.drv",
      "description": "Shell script analysis tool",
      "install_id": "shellcheck",
      "license": "GPL-3.0-only",
      "locked_url": "https://github.com/flox/nixpkgs?rev=4c1018dae018162ec878d42fec712642d214fdfa",
      "name": "shellcheck-0.11.0",
      "pname": "shellcheck",
      "rev": "4c1018dae018162ec878d42fec712642d214fdfa",
      "rev_count": 977467,
      "rev_date": "2026-04-09T04:48:10Z",
      "scrape_date": "2026-04-11T07:41:41.045078Z",
      "stabilities": [
        "unstable"
      ],
      "unfree": false,
      "version": "0.11.0",
      "outputs_to_install": [
        "bin",
        "doc",
        "man"
      ],
      "outputs": {
        "bin": "/nix/store/iszqxdn46psh4crvly6zp7wrp00p3lw5-shellcheck-0.11.0-bin",
        "doc": "/nix/store/h1ggss2gsrd5xq1yi45ww56yab1lzsif-shellcheck-0.11.0-doc",
        "man": "/nix/store/srqizsdkqrly5idxqb06qhx6x9fm9r6s-shellcheck-0.11.0-man",
        "out": "/nix/store/mjdmyvxyv3pvk542rz8a3bcjm0q1rysx-shellcheck-0.11.0"
      },
      "system": "x86_64-linux",
      "group": "toplevel",
      "priority": 5
    },
    {
      "attr_path": "shellharden",
      "broken": false,
      "derivation": "/nix/store/cm8njjvzdzi61j0qy1wrx50w6z0w1h69-shellharden-4.3.1.drv",
      "description": "Corrective bash syntax highlighter",
      "install_id": "shellharden",
      "license": "MPL-2.0",
      "locked_url": "https://github.com/flox/nixpkgs?rev=4c1018dae018162ec878d42fec712642d214fdfa",
      "name": "shellharden-4.3.1",
      "pname": "shellharden",
      "rev": "4c1018dae018162ec878d42fec712642d214fdfa",
      "rev_count": 977467,
      "rev_date": "2026-04-09T04:48:10Z",
      "scrape_date": "2026-04-11T06:05:23.711026Z",
      "stabilities": [
        "unstable"
      ],
      "unfree": false,
      "version": "4.3.1",
      "outputs_to_install": [
        "out"
      ],
      "outputs": {
        "out": "/nix/store/mzmsig4686rka8k3ksvqhd24z8v5w7kj-shellharden-4.3.1"
      },
      "system": "aarch64-darwin",
      "group": "toplevel",
      "priority": 5
    },
    {
      "attr_path": "shellharden",
      "broken": false,
      "derivation": "/nix/store/pi8krfgdxfg74hxd82k4y5a073m725qh-shellharden-4.3.1.drv",
      "description": "Corrective bash syntax highlighter",
      "install_id": "shellharden",
      "license": "MPL-2.0",
      "locked_url": "https://github.com/flox/nixpkgs?rev=4c1018dae018162ec878d42fec712642d214fdfa",
      "name": "shellharden-4.3.1",
      "pname": "shellharden",
      "rev": "4c1018dae018162ec878d42fec712642d214fdfa",
      "rev_count": 977467,
      "rev_date": "2026-04-09T04:48:10Z",
      "scrape_date": "2026-04-11T06:37:18.734383Z",
      "stabilities": [
        "unstable"
      ],
      "unfree": false,
      "version": "4.3.1",
      "outputs_to_install": [
        "out"
      ],
      "outputs": {
        "out": "/nix/store/jpb27sabyhf9kz29m9lph3q6j1bxmh8b-shellharden-4.3.1"
      },
      "system": "aarch64-linux",
      "group": "toplevel",
      "priority": 5
    },
    {
      "attr_path": "shellharden",
      "broken": false,
      "derivation": "/nix/store/23mh7f2qw5jsj3nlnqpxafh6wlnn9gwc-shellharden-4.3.1.drv",
      "description": "Corrective bash syntax highlighter",
      "install_id": "shellharden",
      "license": "MPL-2.0",
      "locked_url": "https://github.com/flox/nixpkgs?rev=4c1018dae018162ec878d42fec712642d214fdfa",
      "name": "shellharden-4.3.1",
      "pname": "shellharden",
      "rev": "4c1018dae018162ec878d42fec712642d214fdfa",
      "rev_count": 977467,
      "rev_date": "2026-04-09T04:48:10Z",
      "scrape_date": "2026-04-11T07:06:54.628710Z",
      "stabilities": [
        "unstable"
      ],
      "unfree": false,
      "version": "4.3.1",
      "outputs_to_install": [
        "out"
      ],
      "outputs": {
        "out": "/nix/store/jjaf1gzng8s5a6fndz5qhzvdmvb5zpvb-shellharden-4.3.1"
      },
      "system": "x86_64-darwin",
      "group": "toplevel",
      "priority": 5
    },
    {
      "attr_path": "shellharden",
      "broken": false,
      "derivation": "/nix/store/ia3mz34am160bhdwyqcj062cd0n8m13b-shellharden-4.3.1.drv",
      "description": "Corrective bash syntax highlighter",
      "install_id": "shellharden",
      "license": "MPL-2.0",
      "locked_url": "https://github.com/flox/nixpkgs?rev=4c1018dae018162ec878d42fec712642d214fdfa",
      "name": "shellharden-4.3.1",
      "pname": "shellharden",
      "rev": "4c1018dae018162ec878d42fec712642d214fdfa",
      "rev_count": 977467,
      "rev_date": "2026-04-09T04:48:10Z",
      "scrape_date": "2026-04-11T07:41:41.062551Z",
      "stabilities": [
        "unstable"
      ],
      "unfree": false,
      "version": "4.3.1",
      "outputs_to_install": [
        "out"
      ],
      "outputs": {
        "out": "/nix/store/ss9lb7py6ycx0zwkzgqifhamkr51711l-shellharden-4.3.1"
      },
      "system": "x86_64-linux",
      "group": "toplevel",
      "priority": 5
    }
  ]
}
